
Microsoft Visual Studio Solution File, Format Version 12.00
# Visual Studio Version 17
VisualStudioVersion = 17.0.31903.59
MinimumVisualStudioVersion = 10.0.40219.1
Project("{9A19103F-16F7-4668-BE54-9A1E7A4F7556}") = "BlazorHeightmaps.Wasm.App", "src\BlazorHeightmaps.Wasm.App\BlazorHeightmaps.Wasm.App.csproj", "{3F6CBBFF-9D77-4E2A-BAF6-BCDF0A764F85}"
EndProject
Project("{2150E333-8FDC-42A3-9474-1A3956D46DE8}") = "Solution Items", "Solution Items", "{A7D8F562-789D-4635-84E7-10EE94B5F89A}"
	ProjectSection(SolutionItems) = preProject
		dev-tools.ps1 = dev-tools.ps1
		LICENSE = LICENSE
		post-build.ps1 = post-build.ps1
		README.md = README.md
		tailwind.config.js = tailwind.config.js
	EndProjectSection
EndProject
Project("{2150E333-8FDC-42A3-9474-1A3956D46DE8}") = "ambacht", "ambacht", "{C6DFB23E-A7F4-4D02-B210-51081230D21F}"
EndProject
Project("{9A19103F-16F7-4668-BE54-9A1E7A4F7556}") = "Ambacht.Common", "src\Ambacht.Common\Ambacht.Common.csproj", "{419B37BF-FD93-46A8-A6FE-BD0E50E85568}"
EndProject
Project("{9A19103F-16F7-4668-BE54-9A1E7A4F7556}") = "Ambacht.Common.Blazor", "src\Ambacht.Common.Blazor\Ambacht.Common.Blazor.csproj", "{B4E77C91-5510-463A-B5AF-4311DAFD0F44}"
EndProject
Project("{9A19103F-16F7-4668-BE54-9A1E7A4F7556}") = "Ambacht.Common.Maps", "src\Ambacht.Common.Maps\Ambacht.Common.Maps.csproj", "{19A604C2-2748-447D-BC78-63C5DDA9EFEE}"
EndProject
Project("{9A19103F-16F7-4668-BE54-9A1E7A4F7556}") = "Ambacht.OpenData.Sources.Ahn", "src\Ambacht.OpenData.Sources.Ahn\Ambacht.OpenData.Sources.Ahn.csproj", "{5D1240A1-1356-49D7-B9F4-CB30F6F5D33D}"
EndProject
Project("{9A19103F-16F7-4668-BE54-9A1E7A4F7556}") = "BlazorHeightmaps", "src\BlazorHeightmaps\BlazorHeightmaps.csproj", "{2AB8C48E-6980-4F79-9514-6551DE381D0A}"
EndProject
Project("{2150E333-8FDC-42A3-9474-1A3956D46DE8}") = "test", "test", "{AEE5DD94-600D-419F-82BB-D7500BF42745}"
EndProject
Project("{9A19103F-16F7-4668-BE54-9A1E7A4F7556}") = "BlazorHeightmaps.Test", "test\BlazorHeightmaps.Test\BlazorHeightmaps.Test.csproj", "{6BB996D5-5791-4B9B-925A-4BCBCDAD4377}"
EndProject
Global
	GlobalSection(SolutionConfigurationPlatforms) = preSolution
		Debug|Any CPU = Debug|Any CPU
		Release|Any CPU = Release|Any CPU
	EndGlobalSection
	GlobalSection(ProjectConfigurationPlatforms) = postSolution
		{3F6CBBFF-9D77-4E2A-BAF6-BCDF0A764F85}.Debug|Any CPU.ActiveCfg = Debug|Any CPU
		{3F6CBBFF-9D77-4E2A-BAF6-BCDF0A764F85}.Debug|Any CPU.Build.0 = Debug|Any CPU
		{3F6CBBFF-9D77-4E2A-BAF6-BCDF0A764F85}.Release|Any CPU.ActiveCfg = Release|Any CPU
		{3F6CBBFF-9D77-4E2A-BAF6-BCDF0A764F85}.Release|Any CPU.Build.0 = Release|Any CPU
		{419B37BF-FD93-46A8-A6FE-BD0E50E85568}.Debug|Any CPU.ActiveCfg = Debug|Any CPU
		{419B37BF-FD93-46A8-A6FE-BD0E50E85568}.Debug|Any CPU.Build.0 = Debug|Any CPU
		{419B37BF-FD93-46A8-A6FE-BD0E50E85568}.Release|Any CPU.ActiveCfg = Release|Any CPU
		{419B37BF-FD93-46A8-A6FE-BD0E50E85568}.Release|Any CPU.Build.0 = Release|Any CPU
		{B4E77C91-5510-463A-B5AF-4311DAFD0F44}.Debug|Any CPU.ActiveCfg = Debug|Any CPU
		{B4E77C91-5510-463A-B5AF-4311DAFD0F44}.Debug|Any CPU.Build.0 = Debug|Any CPU
		{B4E77C91-5510-463A-B5AF-4311DAFD0F44}.Release|Any CPU.ActiveCfg = Release|Any CPU
		{B4E77C91-5510-463A-B5AF-4311DAFD0F44}.Release|Any CPU.Build.0 = Release|Any CPU
		{19A604C2-2748-447D-BC78-63C5DDA9EFEE}.Debug|Any CPU.ActiveCfg = Debug|Any CPU
		{19A604C2-2748-447D-BC78-63C5DDA9EFEE}.Debug|Any CPU.Build.0 = Debug|Any CPU
		{19A604C2-2748-447D-BC78-63C5DDA9EFEE}.Release|Any CPU.ActiveCfg = Release|Any CPU
		{19A604C2-2748-447D-BC78-63C5DDA9EFEE}.Release|Any CPU.Build.0 = Release|Any CPU
		{5D1240A1-1356-49D7-B9F4-CB30F6F5D33D}.Debug|Any CPU.ActiveCfg = Debug|Any CPU
		{5D1240A1-1356-49D7-B9F4-CB30F6F5D33D}.Debug|Any CPU.Build.0 = Debug|Any CPU
		{5D1240A1-1356-49D7-B9F4-CB30F6F5D33D}.Release|Any CPU.ActiveCfg = Release|Any CPU
		{5D1240A1-1356-49D7-B9F4-CB30F6F5D33D}.Release|Any CPU.Build.0 = Release|Any CPU
		{2AB8C48E-6980-4F79-9514-6551DE381D0A}.Debug|Any CPU.ActiveCfg = Debug|Any CPU
		{2AB8C48E-6980-4F79-9514-6551DE381D0A}.Debug|Any CPU.Build.0 = Debug|Any CPU
		{2AB8C48E-6980-4F79-9514-6551DE381D0A}.Release|Any CPU.ActiveCfg = Release|Any CPU
		{2AB8C48E-6980-4F79-9514-6551DE381D0A}.Release|Any CPU.Build.0 = Release|Any CPU
		{6BB996D5-5791-4B9B-925A-4BCBCDAD4377}.Debug|Any CPU.ActiveCfg = Debug|Any CPU
		{6BB996D5-5791-4B9B-925A-4BCBCDAD4377}.Debug|Any CPU.Build.0 = Debug|Any CPU
		{6BB996D5-5791-4B9B-925A-4BCBCDAD4377}.Release|Any CPU.ActiveCfg = Release|Any CPU
		{6BB996D5-5791-4B9B-925A-4BCBCDAD4377}.Release|Any CPU.Build.0 = Release|Any CPU
	EndGlobalSection
	GlobalSection(SolutionProperties) = preSolution
		HideSolutionNode = FALSE
	EndGlobalSection
	GlobalSection(NestedProjects) = preSolution
		{419B37BF-FD93-46A8-A6FE-BD0E50E85568} = {C6DFB23E-A7F4-4D02-B210-51081230D21F}
		{B4E77C91-5510-463A-B5AF-4311DAFD0F44} = {C6DFB23E-A7F4-4D02-B210-51081230D21F}
		{19A604C2-2748-447D-BC78-63C5DDA9EFEE} = {C6DFB23E-A7F4-4D02-B210-51081230D21F}
		{5D1240A1-1356-49D7-B9F4-CB30F6F5D33D} = {C6DFB23E-A7F4-4D02-B210-51081230D21F}
		{6BB996D5-5791-4B9B-925A-4BCBCDAD4377} = {AEE5DD94-600D-419F-82BB-D7500BF42745}
	EndGlobalSection
	GlobalSection(ExtensibilityGlobals) = postSolution
		SolutionGuid = {4EE962FA-3BF7-4C0A-8FFB-43A1669F9B30}
	EndGlobalSection
EndGlobal
